<?xml version="1.0" encoding="utf-8"?>
<Project ToolsVersion="4.0" xmlns="http://schemas.microsoft.com/developer/msbuild/2003">
  <ItemGroup>
    <Filter Include="Source Files">
      <UniqueIdentifier>{4FC737F1-C7A5-4376-A066-2A32D752A2FF}</UniqueIdentifier>
      <Extensions>cpp;c;cc;cxx;def;odl;idl;hpj;bat;asm;asmx</Extensions>
    </Filter>
    <Filter Include="Header Files">
      <UniqueIdentifier>{93995380-89BD-4b04-88EB-625FBE52EBFB}</UniqueIdentifier>
      <Extensions>h;hh;hpp;hxx;hm;inl;inc;xsd</Extensions>
    </Filter>
    <Filter Include="Source Files\module">
      <UniqueIdentifier>{d36c48c3-8fb7-43e1-8a28-e3036c4080fe}</UniqueIdentifier>
    </Filter>
    <Filter Include="Source Files\module\cserial">
      <UniqueIdentifier>{fbeecf67-778f-40c8-9806-ee56d6711866}</UniqueIdentifier>
    </Filter>
    <Filter Include="Resource Files">
      <UniqueIdentifier>{67DA6AB6-F800-4c08-8B7A-83BB121AAD01}</UniqueIdentifier>
      <Extensions>rc;ico;cur;bmp;dlg;rc2;rct;bin;rgs;gif;jpg;jpeg;jpe;resx;tiff;tif;png;wav;mfcribbon-ms</Extensions>
    </Filter>
    <Filter Include="Source Files\core">
      <UniqueIdentifier>{957fb60e-ab02-4950-ac82-356d70460b81}</UniqueIdentifier>
    </Filter>
    <Filter Include="Source Files\module\wingetopt">
      <UniqueIdentifier>{751affd5-e58e-4bc8-af0c-ed782360d876}</UniqueIdentifier>
    </Filter>
    <Filter Include="Source Files\module\tiny-json">
      <UniqueIdentifier>{fc70f50a-0d93-473e-aed6-5871b9832289}</UniqueIdentifier>
    </Filter>
    <Filter Include="Source Files\module\rs485">
      <UniqueIdentifier>{a882e10d-e74e-4472-965e-f30fe051c158}</UniqueIdentifier>
    </Filter>
    <Filter Include="Source Files\module\scanner">
      <UniqueIdentifier>{8d19f9dc-bc77-4bde-836d-09dcf4595467}</UniqueIdentifier>
    </Filter>
    <Filter Include="Source Files\module\log">
      <UniqueIdentifier>{6f480618-d6c8-441d-80a8-2648183fab61}</UniqueIdentifier>
    </Filter>
    <Filter Include="Source Files\module\interpreter">
      <UniqueIdentifier>{44880424-1ebd-4fd7-9a5d-83365d2ff120}</UniqueIdentifier>
    </Filter>
    <Filter Include="Source Files\module\config">
      <UniqueIdentifier>{e14907e5-a7de-4fd9-880d-3abfe3d2248d}</UniqueIdentifier>
    </Filter>
    <Filter Include="Source Files\module\bianneng">
      <UniqueIdentifier>{e78be052-6480-4ee6-8345-2d3db5413d61}</UniqueIdentifier>
    </Filter>
    <Filter Include="Source Files\module\syringepump">
      <UniqueIdentifier>{4c2f2450-2f6f-477c-9641-8b2ba7fa363c}</UniqueIdentifier>
    </Filter>
    <Filter Include="Source Files\module\example">
      <UniqueIdentifier>{40d6d8a0-6d83-4005-ba50-423ff96bb70d}</UniqueIdentifier>
    </Filter>
    <Filter Include="Source Files\module\washer">
      <UniqueIdentifier>{f833ab94-ecad-4571-b276-0eee13351123}</UniqueIdentifier>
    </Filter>
    <Filter Include="Source Files\module\microscope_xy">
      <UniqueIdentifier>{9b640081-595e-4330-a835-ba0c82d3e598}</UniqueIdentifier>
    </Filter>
    <Filter Include="Source Files\module\mqtt-bridge">
      <UniqueIdentifier>{16aad170-fe6f-4e54-bf91-5fba3c1588fd}</UniqueIdentifier>
    </Filter>
    <Filter Include="Source Files\module\param">
      <UniqueIdentifier>{31a5fd54-0940-4dff-bca6-92a70e6403f0}</UniqueIdentifier>
    </Filter>
  </ItemGroup>
  <ItemGroup>
    <ClCompile Include="module\cserial\c_serial.c">
      <Filter>Source Files\module\cserial</Filter>
    </ClCompile>
    <ClCompile Include="core\core_actuator.cpp">
      <Filter>Source Files\core</Filter>
    </ClCompile>
    <ClCompile Include="core\core_control.cpp">
      <Filter>Source Files\core</Filter>
    </ClCompile>
    <ClCompile Include="core\core_service.cpp">
      <Filter>Source Files\core</Filter>
    </ClCompile>
    <ClCompile Include="module\log.c\src\log.c">
      <Filter>Source Files\module\log</Filter>
    </ClCompile>
    <ClCompile Include="core\core_commander.cpp">
      <Filter>Source Files\core</Filter>
    </ClCompile>
    <ClCompile Include="core\core_rsh.cpp">
      <Filter>Source Files\core</Filter>
    </ClCompile>
    <ClCompile Include="module\wingetopt\src\getopt.c">
      <Filter>Source Files\module\wingetopt</Filter>
    </ClCompile>
    <ClCompile Include="core\core_scheduler.cpp">
      <Filter>Source Files\core</Filter>
    </ClCompile>
    <ClCompile Include="core\core_system.cpp">
      <Filter>Source Files\core</Filter>
    </ClCompile>
    <ClCompile Include="module\tiny-json\tiny-json.c">
      <Filter>Source Files\module\tiny-json</Filter>
    </ClCompile>
    <ClCompile Include="module\rs485\rs485p1.cpp">
      <Filter>Source Files\module\rs485</Filter>
    </ClCompile>
    <ClCompile Include="module\scanner\scanner.cpp">
      <Filter>Source Files\module\scanner</Filter>
    </ClCompile>
    <ClCompile Include="module\config\config.cpp">
      <Filter>Source Files\module\config</Filter>
    </ClCompile>
    <ClCompile Include="module\rs485\rs485p2.cpp">
      <Filter>Source Files\module\rs485</Filter>
    </ClCompile>
    <ClCompile Include="module\bianneng\bianneng.cpp">
      <Filter>Source Files\module\bianneng</Filter>
    </ClCompile>
    <ClCompile Include="module\syringepump\syringepump.cpp">
      <Filter>Source Files\module\syringepump</Filter>
    </ClCompile>
    <ClCompile Include="module\example\example.cpp">
      <Filter>Source Files\module\example</Filter>
    </ClCompile>
    <ClCompile Include="module\washer\washer.cpp">
      <Filter>Source Files\module\washer</Filter>
    </ClCompile>
    <ClCompile Include="module\microscope_xy\microscope_xy.cpp">
      <Filter>Source Files\module\microscope_xy</Filter>
    </ClCompile>
    <ClCompile Include="module\interpreter\emb_centrifuge.cpp">
      <Filter>Source Files\module\interpreter</Filter>
    </ClCompile>
    <ClCompile Include="module\interpreter\interpreter_main.cpp">
      <Filter>Source Files\module\interpreter</Filter>
    </ClCompile>
    <ClCompile Include="module\interpreter\interpreter_common.cpp">
      <Filter>Source Files\module\interpreter</Filter>
    </ClCompile>
    <ClCompile Include="module\interpreter\emb_motion_platform_m.cpp">
      <Filter>Source Files\module\interpreter</Filter>
    </ClCompile>
    <ClCompile Include="module\interpreter\emb_microscopexy.cpp">
      <Filter>Source Files\module\interpreter</Filter>
    </ClCompile>
    <ClCompile Include="module\interpreter\emb_syringepump.cpp">
      <Filter>Source Files\module\interpreter</Filter>
    </ClCompile>
    <ClCompile Include="module\interpreter\emb_washer.cpp">
      <Filter>Source Files\module\interpreter</Filter>
    </ClCompile>
  </ItemGroup>
  <ItemGroup>
    <ClInclude Include="module\cserial\c_serial.h">
      <Filter>Source Files\module\cserial</Filter>
    </ClInclude>
    <ClInclude Include="module\log.c\src\log.h">
      <Filter>Source Files\module\log</Filter>
    </ClInclude>
    <ClInclude Include="core\core_actuator.h">
      <Filter>Source Files\core</Filter>
    </ClInclude>
    <ClInclude Include="core\core_common.h">
      <Filter>Source Files\core</Filter>
    </ClInclude>
    <ClInclude Include="core\core_service.h">
      <Filter>Source Files\core</Filter>
    </ClInclude>
    <ClInclude Include="core\core_commander.h">
      <Filter>Source Files\core</Filter>
    </ClInclude>
    <ClInclude Include="core\core_rsh.h">
      <Filter>Source Files\core</Filter>
    </ClInclude>
    <ClInclude Include="module\wingetopt\src\getopt.h">
      <Filter>Source Files\module\wingetopt</Filter>
    </ClInclude>
    <ClInclude Include="core\core_scheduler.h">
      <Filter>Source Files\core</Filter>
    </ClInclude>
    <ClInclude Include="core\core_system.h">
      <Filter>Source Files\core</Filter>
    </ClInclude>
    <ClInclude Include="module\tiny-json\tiny-json.h">
      <Filter>Source Files\module\tiny-json</Filter>
    </ClInclude>
    <ClInclude Include="module\config.h">
      <Filter>Source Files\module</Filter>
    </ClInclude>
    <ClInclude Include="module\interpreter.h">
      <Filter>Source Files\module</Filter>
    </ClInclude>
    <ClInclude Include="module\rs485p1.h">
      <Filter>Source Files\module</Filter>
    </ClInclude>
    <ClInclude Include="module\rs485p2.h">
      <Filter>Source Files\module</Filter>
    </ClInclude>
    <ClInclude Include="module\scanner.h">
      <Filter>Source Files\module</Filter>
    </ClInclude>
    <ClInclude Include="module\example.h">
      <Filter>Source Files\module</Filter>
    </ClInclude>
    <ClInclude Include="module\microscope_xy.h">
      <Filter>Source Files\module</Filter>
    </ClInclude>
    <ClInclude Include="module\syringepump.h">
      <Filter>Source Files\module</Filter>
    </ClInclude>
    <ClInclude Include="module\washer.h">
      <Filter>Source Files\module</Filter>
    </ClInclude>
    <ClInclude Include="module\bianneng\bianneng.h">
      <Filter>Source Files\module\bianneng</Filter>
    </ClInclude>
    <ClInclude Include="module\interpreter\interpreter_common.h">
      <Filter>Source Files\module\interpreter</Filter>
    </ClInclude>
  </ItemGroup>
</Project>